<?xml version="1.0" encoding="UTF-8" standalone="yes" ?>
<CodeBlocks_project_file>
	<FileVersion major="1" minor="6" />
	<Project>
		<Option title="PluginTest" />
		<Option platforms="Windows;" />
		<Option pch_mode="2" />
		<Option compiler="gcc" />
		<Build>
			<Target title="Debug">
				<Option output="bin/Debug/PluginTest" prefix_auto="1" extension_auto="1" />
				<Option object_output="obj/Debug/" />
				<Option type="3" />
				<Option compiler="gcc" />
				<Option createDefFile="1" />
				<Option createStaticLib="1" />
				<Compiler>
					<Add option="-Wall" />
					<Add option="-g" />
					<Add option="-DBUILD_DLL" />
					<Add option="-DUNICODE" />
					<Add directory="res" />
					<Add directory="include" />
					<Add directory="src" />
					<Add directory="PowerEditor/src" />
					<Add directory="PowerEditor/src/MISC/Common" />
					<Add directory="PowerEditor/src/MISC/PluginsManager" />
					<Add directory="PowerEditor/src/ScitillaComponent" />
					<Add directory="PowerEditor/src/TinyXml" />
					<Add directory="PowerEditor/src/TinyXml/tinyXmlA" />
					<Add directory="PowerEditor/src/WinControls" />
					<Add directory="PowerEditor/src/WinControls/AboutDlg" />
					<Add directory="PowerEditor/src/WinControls/ContextMenu" />
					<Add directory="PowerEditor/src/WinControls/DockingWnd" />
					<Add directory="PowerEditor/src/WinControls/ImageListSet" />
					<Add directory="PowerEditor/src/WinControls/shortcut" />
					<Add directory="PowerEditor/src/WinControls/StaticDialog" />
					<Add directory="PowerEditor/src/WinControls/ToolBar" />
					<Add directory="scintilla/include" />
				</Compiler>
				<Linker>
					<Add library="gdi32" />
					<Add library="user32" />
					<Add library="kernel32" />
					<Add library="comctl32" />
				</Linker>
			</Target>
			<Target title="Release">
				<Option output="bin/Release/PluginTest" prefix_auto="1" extension_auto="1" />
				<Option object_output="obj/Release/" />
				<Option type="3" />
				<Option compiler="gcc" />
				<Option createDefFile="1" />
				<Option createStaticLib="1" />
				<Compiler>
					<Add option="-O2" />
					<Add option="-Wall" />
					<Add option="-DBUILD_DLL" />
					<Add option="-DUNICODE" />
					<Add directory="include" />
					<Add directory="src" />
					<Add directory="PowerEditor/src" />
					<Add directory="PowerEditor/src/MISC/Common" />
					<Add directory="PowerEditor/src/MISC/PluginsManager" />
					<Add directory="PowerEditor/src/ScitillaComponent" />
					<Add directory="PowerEditor/src/TinyXml" />
					<Add directory="PowerEditor/src/TinyXml/tinyXmlA" />
					<Add directory="PowerEditor/src/WinControls" />
					<Add directory="PowerEditor/src/WinControls/AboutDlg" />
					<Add directory="PowerEditor/src/WinControls/ContextMenu" />
					<Add directory="PowerEditor/src/WinControls/DockingWnd" />
					<Add directory="PowerEditor/src/WinControls/ImageListSet" />
					<Add directory="PowerEditor/src/WinControls/shortcut" />
					<Add directory="PowerEditor/src/WinControls/StaticDialog" />
					<Add directory="PowerEditor/src/WinControls/ToolBar" />
					<Add directory="scintilla/include" />
				</Compiler>
				<Linker>
					<Add option="-s" />
					<Add library="gdi32" />
					<Add library="user32" />
					<Add library="kernel32" />
					<Add library="comctl32" />
				</Linker>
			</Target>
		</Build>
		<Unit filename="PowerEditor/src/MISC/PluginsManager/Notepad_plus_msgs.h" />
		<Unit filename="PowerEditor/src/MISC/PluginsManager/PluginInterface.h" />
		<Unit filename="PowerEditor/src/menuCmdID.h" />
		<Unit filename="include/UIControls.h" />
		<Unit filename="res/UIControls.rc">
			<Option compilerVar="WINDRES" />
		</Unit>
		<Unit filename="res/resource.h" />
		<Unit filename="scintilla/include/Scintilla.h" />
		<Unit filename="src/PluginDefinition.cpp" />
		<Unit filename="src/PluginDefinition.h" />
		<Unit filename="src/UIControls.cpp" />
		<Unit filename="src/main.cpp" />
		<Extensions>
			<code_completion />
			<envvars />
			<debugger />
			<lib_finder disable_auto="1" />
		</Extensions>
	</Project>
</CodeBlocks_project_file>
